{
  "meteor": {},
  "dependencies": {
    "basePackages": {
      "collectionFS": {},
      "bootstrap-3": {},
      "imagemagick": {}
    },
    "packages": {
      "collectionFS": {
        "git": "https://github.com/raix/Meteor-CollectionFS.git",
        "tag": "v0.3.3",
        "commit": "f20afd0d8a55344030ec8d9c4e857c29695fcdd2"
      },
      "bootstrap-3": {
        "git": "https://github.com/mangasocial/meteor-bootstrap-3.git",
        "tag": "v0.3.4",
        "commit": "680c056e849d079a1b669247f347da2b443aad91"
      },
      "imagemagick": {
        "git": "https://github.com/sylvaingi/meteor-imagemagick.git",
        "tag": "v0.1.2",
        "commit": "d67bb926356d35cdff1a6d6c3c69750f3f54c059"
      }
    }
  }
}
